
Microsoft Visual Studio Solution File, Format Version 12.00
# Visual Studio Version 16
VisualStudioVersion = 16.0.33328.57
MinimumVisualStudioVersion = 10.0.40219.1
Project("{FAE04EC0-301F-11D3-BF4B-00C04F79EFBC}") = "Lumemeem.Android", "Lumemeem\Lumemeem.Android\Lumemeem.Android.csproj", "{ABA19AF9-04C2-4558-8F66-BFB4DF7B7CEF}"
EndProject
Project("{FAE04EC0-301F-11D3-BF4B-00C04F79EFBC}") = "Lumemeem.iOS", "Lumemeem\Lumemeem.iOS\Lumemeem.iOS.csproj", "{295DAC81-87E9-4A89-9673-3593B1C67068}"
EndProject
Project("{FAE04EC0-301F-11D3-BF4B-00C04F79EFBC}") = "Lumemeem", "Lumemeem\Lumemeem\Lumemeem.csproj", "{CEA81D5A-9873-4E2A-899C-6D20618A76C7}"
EndProject
Global
	GlobalSection(SolutionConfigurationPlatforms) = preSolution
		Debug|Any CPU = Debug|Any CPU
		Debug|iPhone = Debug|iPhone
		Debug|iPhoneSimulator = Debug|iPhoneSimulator
		Release|Any CPU = Release|Any CPU
		Release|iPhone = Release|iPhone
		Release|iPhoneSimulator = Release|iPhoneSimulator
	EndGlobalSection
	GlobalSection(ProjectConfigurationPlatforms) = postSolution
		{ABA19AF9-04C2-4558-8F66-BFB4DF7B7CEF}.Debug|Any CPU.ActiveCfg = Debug|Any CPU
		{ABA19AF9-04C2-4558-8F66-BFB4DF7B7CEF}.Debug|Any CPU.Build.0 = Debug|Any CPU
		{ABA19AF9-04C2-4558-8F66-BFB4DF7B7CEF}.Debug|Any CPU.Deploy.0 = Debug|Any CPU
		{ABA19AF9-04C2-4558-8F66-BFB4DF7B7CEF}.Debug|iPhone.ActiveCfg = Debug|Any CPU
		{ABA19AF9-04C2-4558-8F66-BFB4DF7B7CEF}.Debug|iPhone.Build.0 = Debug|Any CPU
		{ABA19AF9-04C2-4558-8F66-BFB4DF7B7CEF}.Debug|iPhone.Deploy.0 = Debug|Any CPU
		{ABA19AF9-04C2-4558-8F66-BFB4DF7B7CEF}.Debug|iPhoneSimulator.ActiveCfg = Debug|Any CPU
		{ABA19AF9-04C2-4558-8F66-BFB4DF7B7CEF}.Debug|iPhoneSimulator.Build.0 = Debug|Any CPU
		{ABA19AF9-04C2-4558-8F66-BFB4DF7B7CEF}.Debug|iPhoneSimulator.Deploy.0 = Debug|Any CPU
		{ABA19AF9-04C2-4558-8F66-BFB4DF7B7CEF}.Release|Any CPU.ActiveCfg = Release|Any CPU
		{ABA19AF9-04C2-4558-8F66-BFB4DF7B7CEF}.Release|Any CPU.Build.0 = Release|Any CPU
		{ABA19AF9-04C2-4558-8F66-BFB4DF7B7CEF}.Release|Any CPU.Deploy.0 = Release|Any CPU
		{ABA19AF9-04C2-4558-8F66-BFB4DF7B7CEF}.Release|iPhone.ActiveCfg = Release|Any CPU
		{ABA19AF9-04C2-4558-8F66-BFB4DF7B7CEF}.Release|iPhone.Build.0 = Release|Any CPU
		{ABA19AF9-04C2-4558-8F66-BFB4DF7B7CEF}.Release|iPhone.Deploy.0 = Release|Any CPU
		{ABA19AF9-04C2-4558-8F66-BFB4DF7B7CEF}.Release|iPhoneSimulator.ActiveCfg = Release|Any CPU
		{ABA19AF9-04C2-4558-8F66-BFB4DF7B7CEF}.Release|iPhoneSimulator.Build.0 = Release|Any CPU
		{ABA19AF9-04C2-4558-8F66-BFB4DF7B7CEF}.Release|iPhoneSimulator.Deploy.0 = Release|Any CPU
		{295DAC81-87E9-4A89-9673-3593B1C67068}.Debug|Any CPU.ActiveCfg = Debug|iPhone
		{295DAC81-87E9-4A89-9673-3593B1C67068}.Debug|Any CPU.Build.0 = Debug|iPhone
		{295DAC81-87E9-4A89-9673-3593B1C67068}.Debug|Any CPU.Deploy.0 = Debug|iPhone
		{295DAC81-87E9-4A89-9673-3593B1C67068}.Debug|iPhone.ActiveCfg = Debug|iPhone
		{295DAC81-87E9-4A89-9673-3593B1C67068}.Debug|iPhone.Build.0 = Debug|iPhone
		{295DAC81-87E9-4A89-9673-3593B1C67068}.Debug|iPhone.Deploy.0 = Debug|iPhone
		{295DAC81-87E9-4A89-9673-3593B1C67068}.Debug|iPhoneSimulator.ActiveCfg = Debug|iPhoneSimulator
		{295DAC81-87E9-4A89-9673-3593B1C67068}.Debug|iPhoneSimulator.Build.0 = Debug|iPhoneSimulator
		{295DAC81-87E9-4A89-9673-3593B1C67068}.Debug|iPhoneSimulator.Deploy.0 = Debug|iPhoneSimulator
		{295DAC81-87E9-4A89-9673-3593B1C67068}.Release|Any CPU.ActiveCfg = Release|iPhoneSimulator
		{295DAC81-87E9-4A89-9673-3593B1C67068}.Release|Any CPU.Build.0 = Release|iPhoneSimulator
		{295DAC81-87E9-4A89-9673-3593B1C67068}.Release|Any CPU.Deploy.0 = Release|iPhoneSimulator
		{295DAC81-87E9-4A89-9673-3593B1C67068}.Release|iPhone.ActiveCfg = Release|iPhone
		{295DAC81-87E9-4A89-9673-3593B1C67068}.Release|iPhone.Build.0 = Release|iPhone
		{295DAC81-87E9-4A89-9673-3593B1C67068}.Release|iPhone.Deploy.0 = Release|iPhone
		{295DAC81-87E9-4A89-9673-3593B1C67068}.Release|iPhoneSimulator.ActiveCfg = Release|iPhoneSimulator
		{295DAC81-87E9-4A89-9673-3593B1C67068}.Release|iPhoneSimulator.Build.0 = Release|iPhoneSimulator
		{295DAC81-87E9-4A89-9673-3593B1C67068}.Release|iPhoneSimulator.Deploy.0 = Release|iPhoneSimulator
		{CEA81D5A-9873-4E2A-899C-6D20618A76C7}.Debug|Any CPU.ActiveCfg = Debug|Any CPU
		{CEA81D5A-9873-4E2A-899C-6D20618A76C7}.Debug|Any CPU.Build.0 = Debug|Any CPU
		{CEA81D5A-9873-4E2A-899C-6D20618A76C7}.Debug|Any CPU.Deploy.0 = Debug|Any CPU
		{CEA81D5A-9873-4E2A-899C-6D20618A76C7}.Debug|iPhone.ActiveCfg = Debug|Any CPU
		{CEA81D5A-9873-4E2A-899C-6D20618A76C7}.Debug|iPhone.Build.0 = Debug|Any CPU
		{CEA81D5A-9873-4E2A-899C-6D20618A76C7}.Debug|iPhone.Deploy.0 = Debug|Any CPU
		{CEA81D5A-9873-4E2A-899C-6D20618A76C7}.Debug|iPhoneSimulator.ActiveCfg = Debug|Any CPU
		{CEA81D5A-9873-4E2A-899C-6D20618A76C7}.Debug|iPhoneSimulator.Build.0 = Debug|Any CPU
		{CEA81D5A-9873-4E2A-899C-6D20618A76C7}.Debug|iPhoneSimulator.Deploy.0 = Debug|Any CPU
		{CEA81D5A-9873-4E2A-899C-6D20618A76C7}.Release|Any CPU.ActiveCfg = Release|Any CPU
		{CEA81D5A-9873-4E2A-899C-6D20618A76C7}.Release|Any CPU.Build.0 = Release|Any CPU
		{CEA81D5A-9873-4E2A-899C-6D20618A76C7}.Release|Any CPU.Deploy.0 = Release|Any CPU
		{CEA81D5A-9873-4E2A-899C-6D20618A76C7}.Release|iPhone.ActiveCfg = Release|Any CPU
		{CEA81D5A-9873-4E2A-899C-6D20618A76C7}.Release|iPhone.Build.0 = Release|Any CPU
		{CEA81D5A-9873-4E2A-899C-6D20618A76C7}.Release|iPhone.Deploy.0 = Release|Any CPU
		{CEA81D5A-9873-4E2A-899C-6D20618A76C7}.Release|iPhoneSimulator.ActiveCfg = Release|Any CPU
		{CEA81D5A-9873-4E2A-899C-6D20618A76C7}.Release|iPhoneSimulator.Build.0 = Release|Any CPU
		{CEA81D5A-9873-4E2A-899C-6D20618A76C7}.Release|iPhoneSimulator.Deploy.0 = Release|Any CPU
	EndGlobalSection
	GlobalSection(SolutionProperties) = preSolution
		HideSolutionNode = FALSE
	EndGlobalSection
	GlobalSection(ExtensibilityGlobals) = postSolution
		SolutionGuid = {BCDF9C08-AFB7-49EA-AF7C-DD848D69DF69}
	EndGlobalSection
EndGlobal
